
Microsoft Visual Studio Solution File, Format Version 12.00
# Visual Studio Version 16
VisualStudioVersion = 16.0.29806.167
MinimumVisualStudioVersion = 10.0.40219.1
Project("{8BC9CEB8-8B4A-11D0-8D11-00A0C91BC942}") = "Chapter03", "Chapter03\Chapter03.vcxproj", "{88D199B1-56F6-40D7-A23A-C9697A767ED3}"
EndProject
Project("{8BC9CEB8-8B4A-11D0-8D11-00A0C91BC942}") = "Chapter04", "Chapter04\Chapter04.vcxproj", "{0B2D6CE3-CD34-4EC1-9A79-207E7C69D586}"
EndProject
Project("{8BC9CEB8-8B4A-11D0-8D11-00A0C91BC942}") = "Chapter05", "Chapter05\Chapter05.vcxproj", "{1452B86B-84D5-4642-B0CA-20A2A5C929B9}"
EndProject
Project("{8BC9CEB8-8B4A-11D0-8D11-00A0C91BC942}") = "Chapter06", "Chapter06\Chapter06.vcxproj", "{BDB29D97-6A22-4BED-B6E7-BDFF1D9AA628}"
EndProject
Global
	GlobalSection(SolutionConfigurationPlatforms) = preSolution
		Debug|x64 = Debug|x64
		Debug|x86 = Debug|x86
		Release|x64 = Release|x64
		Release|x86 = Release|x86
	EndGlobalSection
	GlobalSection(ProjectConfigurationPlatforms) = postSolution
		{88D199B1-56F6-40D7-A23A-C9697A767ED3}.Debug|x64.ActiveCfg = Debug|x64
		{88D199B1-56F6-40D7-A23A-C9697A767ED3}.Debug|x64.Build.0 = Debug|x64
		{88D199B1-56F6-40D7-A23A-C9697A767ED3}.Debug|x86.ActiveCfg = Debug|Win32
		{88D199B1-56F6-40D7-A23A-C9697A767ED3}.Debug|x86.Build.0 = Debug|Win32
		{88D199B1-56F6-40D7-A23A-C9697A767ED3}.Release|x64.ActiveCfg = Release|x64
		{88D199B1-56F6-40D7-A23A-C9697A767ED3}.Release|x64.Build.0 = Release|x64
		{88D199B1-56F6-40D7-A23A-C9697A767ED3}.Release|x86.ActiveCfg = Release|Win32
		{88D199B1-56F6-40D7-A23A-C9697A767ED3}.Release|x86.Build.0 = Release|Win32
		{0B2D6CE3-CD34-4EC1-9A79-207E7C69D586}.Debug|x64.ActiveCfg = Debug|x64
		{0B2D6CE3-CD34-4EC1-9A79-207E7C69D586}.Debug|x64.Build.0 = Debug|x64
		{0B2D6CE3-CD34-4EC1-9A79-207E7C69D586}.Debug|x86.ActiveCfg = Debug|Win32
		{0B2D6CE3-CD34-4EC1-9A79-207E7C69D586}.Debug|x86.Build.0 = Debug|Win32
		{0B2D6CE3-CD34-4EC1-9A79-207E7C69D586}.Release|x64.ActiveCfg = Release|x64
		{0B2D6CE3-CD34-4EC1-9A79-207E7C69D586}.Release|x64.Build.0 = Release|x64
		{0B2D6CE3-CD34-4EC1-9A79-207E7C69D586}.Release|x86.ActiveCfg = Release|Win32
		{0B2D6CE3-CD34-4EC1-9A79-207E7C69D586}.Release|x86.Build.0 = Release|Win32
		{1452B86B-84D5-4642-B0CA-20A2A5C929B9}.Debug|x64.ActiveCfg = Debug|x64
		{1452B86B-84D5-4642-B0CA-20A2A5C929B9}.Debug|x64.Build.0 = Debug|x64
		{1452B86B-84D5-4642-B0CA-20A2A5C929B9}.Debug|x86.ActiveCfg = Debug|Win32
		{1452B86B-84D5-4642-B0CA-20A2A5C929B9}.Debug|x86.Build.0 = Debug|Win32
		{1452B86B-84D5-4642-B0CA-20A2A5C929B9}.Release|x64.ActiveCfg = Release|x64
		{1452B86B-84D5-4642-B0CA-20A2A5C929B9}.Release|x64.Build.0 = Release|x64
		{1452B86B-84D5-4642-B0CA-20A2A5C929B9}.Release|x86.ActiveCfg = Release|Win32
		{1452B86B-84D5-4642-B0CA-20A2A5C929B9}.Release|x86.Build.0 = Release|Win32
		{BDB29D97-6A22-4BED-B6E7-BDFF1D9AA628}.Debug|x64.ActiveCfg = Debug|x64
		{BDB29D97-6A22-4BED-B6E7-BDFF1D9AA628}.Debug|x64.Build.0 = Debug|x64
		{BDB29D97-6A22-4BED-B6E7-BDFF1D9AA628}.Debug|x86.ActiveCfg = Debug|Win32
		{BDB29D97-6A22-4BED-B6E7-BDFF1D9AA628}.Debug|x86.Build.0 = Debug|Win32
		{BDB29D97-6A22-4BED-B6E7-BDFF1D9AA628}.Release|x64.ActiveCfg = Release|x64
		{BDB29D97-6A22-4BED-B6E7-BDFF1D9AA628}.Release|x64.Build.0 = Release|x64
		{BDB29D97-6A22-4BED-B6E7-BDFF1D9AA628}.Release|x86.ActiveCfg = Release|Win32
		{BDB29D97-6A22-4BED-B6E7-BDFF1D9AA628}.Release|x86.Build.0 = Release|Win32
	EndGlobalSection
	GlobalSection(SolutionProperties) = preSolution
		HideSolutionNode = FALSE
	EndGlobalSection
	GlobalSection(ExtensibilityGlobals) = postSolution
		SolutionGuid = {D0D29386-385E-4D95-A7AB-B73E9A73A93A}
	EndGlobalSection
EndGlobal
